
Microsoft Visual Studio Solution File, Format Version 12.00
# Visual Studio 2013
VisualStudioVersion = 12.0.31101.0
MinimumVisualStudioVersion = 10.0.40219.1
Project("{FAE04EC0-301F-11D3-BF4B-00C04F79EFBC}") = "01.Shapes", "Shapes\01.Shapes.csproj", "{0AF44B1C-B4F7-4F3D-94D2-858D3BBC8D3C}"
EndProject
Project("{FAE04EC0-301F-11D3-BF4B-00C04F79EFBC}") = "BankAccounts", "BankAccounts\BankAccounts.csproj", "{920D23CA-7176-4BAF-815E-FAD1673C0A69}"
EndProject
Project("{FAE04EC0-301F-11D3-BF4B-00C04F79EFBC}") = "RangeExceptions", "RangeExceptions\RangeExceptions.csproj", "{5D647941-71EC-4B14-9ED8-3935786E0CA8}"
EndProject
Global
	GlobalSection(SolutionConfigurationPlatforms) = preSolution
		Debug|Any CPU = Debug|Any CPU
		Release|Any CPU = Release|Any CPU
	EndGlobalSection
	GlobalSection(ProjectConfigurationPlatforms) = postSolution
		{0AF44B1C-B4F7-4F3D-94D2-858D3BBC8D3C}.Debug|Any CPU.ActiveCfg = Debug|Any CPU
		{0AF44B1C-B4F7-4F3D-94D2-858D3BBC8D3C}.Debug|Any CPU.Build.0 = Debug|Any CPU
		{0AF44B1C-B4F7-4F3D-94D2-858D3BBC8D3C}.Release|Any CPU.ActiveCfg = Release|Any CPU
		{0AF44B1C-B4F7-4F3D-94D2-858D3BBC8D3C}.Release|Any CPU.Build.0 = Release|Any CPU
		{920D23CA-7176-4BAF-815E-FAD1673C0A69}.Debug|Any CPU.ActiveCfg = Debug|Any CPU
		{920D23CA-7176-4BAF-815E-FAD1673C0A69}.Debug|Any CPU.Build.0 = Debug|Any CPU
		{920D23CA-7176-4BAF-815E-FAD1673C0A69}.Release|Any CPU.ActiveCfg = Release|Any CPU
		{920D23CA-7176-4BAF-815E-FAD1673C0A69}.Release|Any CPU.Build.0 = Release|Any CPU
		{5D647941-71EC-4B14-9ED8-3935786E0CA8}.Debug|Any CPU.ActiveCfg = Debug|Any CPU
		{5D647941-71EC-4B14-9ED8-3935786E0CA8}.Debug|Any CPU.Build.0 = Debug|Any CPU
		{5D647941-71EC-4B14-9ED8-3935786E0CA8}.Release|Any CPU.ActiveCfg = Release|Any CPU
		{5D647941-71EC-4B14-9ED8-3935786E0CA8}.Release|Any CPU.Build.0 = Release|Any CPU
	EndGlobalSection
	GlobalSection(SolutionProperties) = preSolution
		HideSolutionNode = FALSE
	EndGlobalSection
EndGlobal
