
Microsoft Visual Studio Solution File, Format Version 12.00
# Visual Studio 2013
VisualStudioVersion = 12.0.31101.0
MinimumVisualStudioVersion = 10.0.40219.1
Project("{FAE04EC0-301F-11D3-BF4B-00C04F79EFBC}") = "1. RunnersHomePage", "1. RunnersHomePage\1. RunnersHomePage.csproj", "{9FD209EA-8634-4A0F-809C-14EF483A98B9}"
EndProject
Project("{FAE04EC0-301F-11D3-BF4B-00C04F79EFBC}") = "2. NestedLists", "2. NestedLists\2. NestedLists.csproj", "{4F3ABA0E-9991-47E5-B341-8F03CF8F0313}"
EndProject
Project("{FAE04EC0-301F-11D3-BF4B-00C04F79EFBC}") = "3. SocialSite", "3. SocialSite\3. SocialSite.csproj", "{D672B6DE-43C9-43AE-9E50-48C82F2A782E}"
EndProject
Global
	GlobalSection(SolutionConfigurationPlatforms) = preSolution
		Debug|Any CPU = Debug|Any CPU
		Release|Any CPU = Release|Any CPU
	EndGlobalSection
	GlobalSection(ProjectConfigurationPlatforms) = postSolution
		{9FD209EA-8634-4A0F-809C-14EF483A98B9}.Debug|Any CPU.ActiveCfg = Debug|Any CPU
		{9FD209EA-8634-4A0F-809C-14EF483A98B9}.Debug|Any CPU.Build.0 = Debug|Any CPU
		{9FD209EA-8634-4A0F-809C-14EF483A98B9}.Release|Any CPU.ActiveCfg = Release|Any CPU
		{9FD209EA-8634-4A0F-809C-14EF483A98B9}.Release|Any CPU.Build.0 = Release|Any CPU
		{4F3ABA0E-9991-47E5-B341-8F03CF8F0313}.Debug|Any CPU.ActiveCfg = Debug|Any CPU
		{4F3ABA0E-9991-47E5-B341-8F03CF8F0313}.Debug|Any CPU.Build.0 = Debug|Any CPU
		{4F3ABA0E-9991-47E5-B341-8F03CF8F0313}.Release|Any CPU.ActiveCfg = Release|Any CPU
		{4F3ABA0E-9991-47E5-B341-8F03CF8F0313}.Release|Any CPU.Build.0 = Release|Any CPU
		{D672B6DE-43C9-43AE-9E50-48C82F2A782E}.Debug|Any CPU.ActiveCfg = Debug|Any CPU
		{D672B6DE-43C9-43AE-9E50-48C82F2A782E}.Debug|Any CPU.Build.0 = Debug|Any CPU
		{D672B6DE-43C9-43AE-9E50-48C82F2A782E}.Release|Any CPU.ActiveCfg = Release|Any CPU
		{D672B6DE-43C9-43AE-9E50-48C82F2A782E}.Release|Any CPU.Build.0 = Release|Any CPU
	EndGlobalSection
	GlobalSection(SolutionProperties) = preSolution
		HideSolutionNode = FALSE
	EndGlobalSection
EndGlobal
