
Microsoft Visual Studio Solution File, Format Version 12.00
# Visual Studio 2013
VisualStudioVersion = 12.0.31101.0
MinimumVisualStudioVersion = 10.0.40219.1
Project("{FAE04EC0-301F-11D3-BF4B-00C04F79EFBC}") = "01.AllocateArray", "AllocateArray\01.AllocateArray.csproj", "{31C62746-AA96-4E6A-AAF7-CD3BF461601A}"
EndProject
Project("{FAE04EC0-301F-11D3-BF4B-00C04F79EFBC}") = "02.CompareArrays", "CompareArrays\02.CompareArrays.csproj", "{9606AE34-779B-4259-8C6C-EEBC781392C3}"
EndProject
Project("{FAE04EC0-301F-11D3-BF4B-00C04F79EFBC}") = "03.CompareCharArrays", "CompareCharArrays\03.CompareCharArrays.csproj", "{33608FC5-EECA-41F6-98B7-051F6342782E}"
EndProject
Project("{FAE04EC0-301F-11D3-BF4B-00C04F79EFBC}") = "04.MaximalSequence", "MaximalSequence\04.MaximalSequence.csproj", "{ECE1C3DF-733D-48EF-BC69-A6A46D4A07E9}"
EndProject
Project("{FAE04EC0-301F-11D3-BF4B-00C04F79EFBC}") = "05.MaximalIncreasingSequence", "MaximalIncreasingSequence\05.MaximalIncreasingSequence.csproj", "{0D5CC688-F229-4E36-B75C-B9D5328E4CDF}"
EndProject
Project("{FAE04EC0-301F-11D3-BF4B-00C04F79EFBC}") = "06.MaximalKSum", "MaximalKSum\06.MaximalKSum.csproj", "{63B45A1A-32F0-4B49-8D74-5548AF0C0FB5}"
EndProject
Project("{FAE04EC0-301F-11D3-BF4B-00C04F79EFBC}") = "07.SelectionSort", "SelectionSort\07.SelectionSort.csproj", "{8B9F47BD-009C-4933-8151-7277CD6E912C}"
EndProject
Project("{FAE04EC0-301F-11D3-BF4B-00C04F79EFBC}") = "08.MaximalSum", "MaximalSum\08.MaximalSum.csproj", "{7B1E992D-5C77-414F-8C3C-58D437C258A9}"
EndProject
Project("{FAE04EC0-301F-11D3-BF4B-00C04F79EFBC}") = "09.FrequentNumber", "FrequentNumber\09.FrequentNumber.csproj", "{AA13D92E-B278-4ED0-BFA5-1D98D1F9EC41}"
EndProject
Project("{FAE04EC0-301F-11D3-BF4B-00C04F79EFBC}") = "10.FindSumInarray", "FindSumInarray\10.FindSumInarray.csproj", "{F65193D5-3F15-4E50-96D5-34CF0C45CA0F}"
EndProject
Project("{FAE04EC0-301F-11D3-BF4B-00C04F79EFBC}") = "11.BinarySearch", "BinarySearch\11.BinarySearch.csproj", "{B350BF21-8B26-448B-8D02-4D8E8A2D5F5D}"
EndProject
Project("{FAE04EC0-301F-11D3-BF4B-00C04F79EFBC}") = "12.IndexOfLetters", "IndexOfLetters\12.IndexOfLetters.csproj", "{1CFB892B-B8FF-429A-95D8-B4688B5284D9}"
EndProject
Project("{FAE04EC0-301F-11D3-BF4B-00C04F79EFBC}") = "14.QuickSort", "QuickSort\14.QuickSort.csproj", "{EF7D5348-ED5D-4D65-92F1-85CC947F2902}"
EndProject
Project("{FAE04EC0-301F-11D3-BF4B-00C04F79EFBC}") = "15.PrimeNumbers", "PrimeNumbers\15.PrimeNumbers.csproj", "{F50CE3EC-A751-4700-966F-3CC0883CBB77}"
EndProject
Global
	GlobalSection(SolutionConfigurationPlatforms) = preSolution
		Debug|Any CPU = Debug|Any CPU
		Release|Any CPU = Release|Any CPU
	EndGlobalSection
	GlobalSection(ProjectConfigurationPlatforms) = postSolution
		{31C62746-AA96-4E6A-AAF7-CD3BF461601A}.Debug|Any CPU.ActiveCfg = Debug|Any CPU
		{31C62746-AA96-4E6A-AAF7-CD3BF461601A}.Debug|Any CPU.Build.0 = Debug|Any CPU
		{31C62746-AA96-4E6A-AAF7-CD3BF461601A}.Release|Any CPU.ActiveCfg = Release|Any CPU
		{31C62746-AA96-4E6A-AAF7-CD3BF461601A}.Release|Any CPU.Build.0 = Release|Any CPU
		{9606AE34-779B-4259-8C6C-EEBC781392C3}.Debug|Any CPU.ActiveCfg = Debug|Any CPU
		{9606AE34-779B-4259-8C6C-EEBC781392C3}.Debug|Any CPU.Build.0 = Debug|Any CPU
		{9606AE34-779B-4259-8C6C-EEBC781392C3}.Release|Any CPU.ActiveCfg = Release|Any CPU
		{9606AE34-779B-4259-8C6C-EEBC781392C3}.Release|Any CPU.Build.0 = Release|Any CPU
		{33608FC5-EECA-41F6-98B7-051F6342782E}.Debug|Any CPU.ActiveCfg = Debug|Any CPU
		{33608FC5-EECA-41F6-98B7-051F6342782E}.Debug|Any CPU.Build.0 = Debug|Any CPU
		{33608FC5-EECA-41F6-98B7-051F6342782E}.Release|Any CPU.ActiveCfg = Release|Any CPU
		{33608FC5-EECA-41F6-98B7-051F6342782E}.Release|Any CPU.Build.0 = Release|Any CPU
		{ECE1C3DF-733D-48EF-BC69-A6A46D4A07E9}.Debug|Any CPU.ActiveCfg = Debug|Any CPU
		{ECE1C3DF-733D-48EF-BC69-A6A46D4A07E9}.Debug|Any CPU.Build.0 = Debug|Any CPU
		{ECE1C3DF-733D-48EF-BC69-A6A46D4A07E9}.Release|Any CPU.ActiveCfg = Release|Any CPU
		{ECE1C3DF-733D-48EF-BC69-A6A46D4A07E9}.Release|Any CPU.Build.0 = Release|Any CPU
		{0D5CC688-F229-4E36-B75C-B9D5328E4CDF}.Debug|Any CPU.ActiveCfg = Debug|Any CPU
		{0D5CC688-F229-4E36-B75C-B9D5328E4CDF}.Debug|Any CPU.Build.0 = Debug|Any CPU
		{0D5CC688-F229-4E36-B75C-B9D5328E4CDF}.Release|Any CPU.ActiveCfg = Release|Any CPU
		{0D5CC688-F229-4E36-B75C-B9D5328E4CDF}.Release|Any CPU.Build.0 = Release|Any CPU
		{63B45A1A-32F0-4B49-8D74-5548AF0C0FB5}.Debug|Any CPU.ActiveCfg = Debug|Any CPU
		{63B45A1A-32F0-4B49-8D74-5548AF0C0FB5}.Debug|Any CPU.Build.0 = Debug|Any CPU
		{63B45A1A-32F0-4B49-8D74-5548AF0C0FB5}.Release|Any CPU.ActiveCfg = Release|Any CPU
		{63B45A1A-32F0-4B49-8D74-5548AF0C0FB5}.Release|Any CPU.Build.0 = Release|Any CPU
		{8B9F47BD-009C-4933-8151-7277CD6E912C}.Debug|Any CPU.ActiveCfg = Debug|Any CPU
		{8B9F47BD-009C-4933-8151-7277CD6E912C}.Debug|Any CPU.Build.0 = Debug|Any CPU
		{8B9F47BD-009C-4933-8151-7277CD6E912C}.Release|Any CPU.ActiveCfg = Release|Any CPU
		{8B9F47BD-009C-4933-8151-7277CD6E912C}.Release|Any CPU.Build.0 = Release|Any CPU
		{7B1E992D-5C77-414F-8C3C-58D437C258A9}.Debug|Any CPU.ActiveCfg = Debug|Any CPU
		{7B1E992D-5C77-414F-8C3C-58D437C258A9}.Debug|Any CPU.Build.0 = Debug|Any CPU
		{7B1E992D-5C77-414F-8C3C-58D437C258A9}.Release|Any CPU.ActiveCfg = Release|Any CPU
		{7B1E992D-5C77-414F-8C3C-58D437C258A9}.Release|Any CPU.Build.0 = Release|Any CPU
		{AA13D92E-B278-4ED0-BFA5-1D98D1F9EC41}.Debug|Any CPU.ActiveCfg = Debug|Any CPU
		{AA13D92E-B278-4ED0-BFA5-1D98D1F9EC41}.Debug|Any CPU.Build.0 = Debug|Any CPU
		{AA13D92E-B278-4ED0-BFA5-1D98D1F9EC41}.Release|Any CPU.ActiveCfg = Release|Any CPU
		{AA13D92E-B278-4ED0-BFA5-1D98D1F9EC41}.Release|Any CPU.Build.0 = Release|Any CPU
		{F65193D5-3F15-4E50-96D5-34CF0C45CA0F}.Debug|Any CPU.ActiveCfg = Debug|Any CPU
		{F65193D5-3F15-4E50-96D5-34CF0C45CA0F}.Debug|Any CPU.Build.0 = Debug|Any CPU
		{F65193D5-3F15-4E50-96D5-34CF0C45CA0F}.Release|Any CPU.ActiveCfg = Release|Any CPU
		{F65193D5-3F15-4E50-96D5-34CF0C45CA0F}.Release|Any CPU.Build.0 = Release|Any CPU
		{B350BF21-8B26-448B-8D02-4D8E8A2D5F5D}.Debug|Any CPU.ActiveCfg = Debug|Any CPU
		{B350BF21-8B26-448B-8D02-4D8E8A2D5F5D}.Debug|Any CPU.Build.0 = Debug|Any CPU
		{B350BF21-8B26-448B-8D02-4D8E8A2D5F5D}.Release|Any CPU.ActiveCfg = Release|Any CPU
		{B350BF21-8B26-448B-8D02-4D8E8A2D5F5D}.Release|Any CPU.Build.0 = Release|Any CPU
		{1CFB892B-B8FF-429A-95D8-B4688B5284D9}.Debug|Any CPU.ActiveCfg = Debug|Any CPU
		{1CFB892B-B8FF-429A-95D8-B4688B5284D9}.Debug|Any CPU.Build.0 = Debug|Any CPU
		{1CFB892B-B8FF-429A-95D8-B4688B5284D9}.Release|Any CPU.ActiveCfg = Release|Any CPU
		{1CFB892B-B8FF-429A-95D8-B4688B5284D9}.Release|Any CPU.Build.0 = Release|Any CPU
		{EF7D5348-ED5D-4D65-92F1-85CC947F2902}.Debug|Any CPU.ActiveCfg = Debug|Any CPU
		{EF7D5348-ED5D-4D65-92F1-85CC947F2902}.Debug|Any CPU.Build.0 = Debug|Any CPU
		{EF7D5348-ED5D-4D65-92F1-85CC947F2902}.Release|Any CPU.ActiveCfg = Release|Any CPU
		{EF7D5348-ED5D-4D65-92F1-85CC947F2902}.Release|Any CPU.Build.0 = Release|Any CPU
		{F50CE3EC-A751-4700-966F-3CC0883CBB77}.Debug|Any CPU.ActiveCfg = Debug|Any CPU
		{F50CE3EC-A751-4700-966F-3CC0883CBB77}.Debug|Any CPU.Build.0 = Debug|Any CPU
		{F50CE3EC-A751-4700-966F-3CC0883CBB77}.Release|Any CPU.ActiveCfg = Release|Any CPU
		{F50CE3EC-A751-4700-966F-3CC0883CBB77}.Release|Any CPU.Build.0 = Release|Any CPU
	EndGlobalSection
	GlobalSection(SolutionProperties) = preSolution
		HideSolutionNode = FALSE
	EndGlobalSection
EndGlobal
