
Microsoft Visual Studio Solution File, Format Version 12.00
# Visual Studio 2013
VisualStudioVersion = 12.0.31101.0
MinimumVisualStudioVersion = 10.0.40219.1
Project("{FAE04EC0-301F-11D3-BF4B-00C04F79EFBC}") = "1. HTMLTables", "1. HTMLTables\1. HTMLTables.csproj", "{E5DBA718-CA64-4A47-8F1F-309AF555B20D}"
EndProject
Project("{FAE04EC0-301F-11D3-BF4B-00C04F79EFBC}") = "2. HTMLForm", "2. HTMLForm\2. HTMLForm.csproj", "{59603FED-4F6B-416F-AB6C-3D1338E647FB}"
EndProject
Project("{FAE04EC0-301F-11D3-BF4B-00C04F79EFBC}") = "3. Calculator", "3. Calculator\3. Calculator.csproj", "{49FF595E-078A-4D8E-87F2-2F32C5BD34BB}"
EndProject
Global
	GlobalSection(SolutionConfigurationPlatforms) = preSolution
		Debug|Any CPU = Debug|Any CPU
		Release|Any CPU = Release|Any CPU
	EndGlobalSection
	GlobalSection(ProjectConfigurationPlatforms) = postSolution
		{E5DBA718-CA64-4A47-8F1F-309AF555B20D}.Debug|Any CPU.ActiveCfg = Debug|Any CPU
		{E5DBA718-CA64-4A47-8F1F-309AF555B20D}.Debug|Any CPU.Build.0 = Debug|Any CPU
		{E5DBA718-CA64-4A47-8F1F-309AF555B20D}.Release|Any CPU.ActiveCfg = Release|Any CPU
		{E5DBA718-CA64-4A47-8F1F-309AF555B20D}.Release|Any CPU.Build.0 = Release|Any CPU
		{59603FED-4F6B-416F-AB6C-3D1338E647FB}.Debug|Any CPU.ActiveCfg = Debug|Any CPU
		{59603FED-4F6B-416F-AB6C-3D1338E647FB}.Debug|Any CPU.Build.0 = Debug|Any CPU
		{59603FED-4F6B-416F-AB6C-3D1338E647FB}.Release|Any CPU.ActiveCfg = Release|Any CPU
		{59603FED-4F6B-416F-AB6C-3D1338E647FB}.Release|Any CPU.Build.0 = Release|Any CPU
		{49FF595E-078A-4D8E-87F2-2F32C5BD34BB}.Debug|Any CPU.ActiveCfg = Debug|Any CPU
		{49FF595E-078A-4D8E-87F2-2F32C5BD34BB}.Debug|Any CPU.Build.0 = Debug|Any CPU
		{49FF595E-078A-4D8E-87F2-2F32C5BD34BB}.Release|Any CPU.ActiveCfg = Release|Any CPU
		{49FF595E-078A-4D8E-87F2-2F32C5BD34BB}.Release|Any CPU.Build.0 = Release|Any CPU
	EndGlobalSection
	GlobalSection(SolutionProperties) = preSolution
		HideSolutionNode = FALSE
	EndGlobalSection
EndGlobal
