
Microsoft Visual Studio Solution File, Format Version 12.00
# Visual Studio 2013
VisualStudioVersion = 12.0.31101.0
MinimumVisualStudioVersion = 10.0.40219.1
Project("{FAE04EC0-301F-11D3-BF4B-00C04F79EFBC}") = "01. School", "School\01. School.csproj", "{2FF8E251-6187-494E-BF14-E28B86D92890}"
EndProject
Project("{FAE04EC0-301F-11D3-BF4B-00C04F79EFBC}") = "StudentsAndWorkers", "StudentsAndWorkers\StudentsAndWorkers.csproj", "{801CA2AC-5E0D-4B19-AB92-8D2C58580A0B}"
EndProject
Project("{FAE04EC0-301F-11D3-BF4B-00C04F79EFBC}") = "AnimalHierarchy", "AnimalHierarchy\AnimalHierarchy.csproj", "{66338A31-557D-4B0C-8DEF-9B9EC3B92215}"
EndProject
Global
	GlobalSection(SolutionConfigurationPlatforms) = preSolution
		Debug|Any CPU = Debug|Any CPU
		Release|Any CPU = Release|Any CPU
	EndGlobalSection
	GlobalSection(ProjectConfigurationPlatforms) = postSolution
		{2FF8E251-6187-494E-BF14-E28B86D92890}.Debug|Any CPU.ActiveCfg = Debug|Any CPU
		{2FF8E251-6187-494E-BF14-E28B86D92890}.Debug|Any CPU.Build.0 = Debug|Any CPU
		{2FF8E251-6187-494E-BF14-E28B86D92890}.Release|Any CPU.ActiveCfg = Release|Any CPU
		{2FF8E251-6187-494E-BF14-E28B86D92890}.Release|Any CPU.Build.0 = Release|Any CPU
		{801CA2AC-5E0D-4B19-AB92-8D2C58580A0B}.Debug|Any CPU.ActiveCfg = Debug|Any CPU
		{801CA2AC-5E0D-4B19-AB92-8D2C58580A0B}.Debug|Any CPU.Build.0 = Debug|Any CPU
		{801CA2AC-5E0D-4B19-AB92-8D2C58580A0B}.Release|Any CPU.ActiveCfg = Release|Any CPU
		{801CA2AC-5E0D-4B19-AB92-8D2C58580A0B}.Release|Any CPU.Build.0 = Release|Any CPU
		{66338A31-557D-4B0C-8DEF-9B9EC3B92215}.Debug|Any CPU.ActiveCfg = Debug|Any CPU
		{66338A31-557D-4B0C-8DEF-9B9EC3B92215}.Debug|Any CPU.Build.0 = Debug|Any CPU
		{66338A31-557D-4B0C-8DEF-9B9EC3B92215}.Release|Any CPU.ActiveCfg = Release|Any CPU
		{66338A31-557D-4B0C-8DEF-9B9EC3B92215}.Release|Any CPU.Build.0 = Release|Any CPU
	EndGlobalSection
	GlobalSection(SolutionProperties) = preSolution
		HideSolutionNode = FALSE
	EndGlobalSection
EndGlobal
