
Microsoft Visual Studio Solution File, Format Version 12.00
# Visual Studio 2013
VisualStudioVersion = 12.0.31101.0
MinimumVisualStudioVersion = 10.0.40219.1
Project("{FAE04EC0-301F-11D3-BF4B-00C04F79EFBC}") = "01.OddLines", "OddLines\01.OddLines.csproj", "{3BA81A4E-0E72-42CC-8F81-033DAC912D61}"
EndProject
Project("{FAE04EC0-301F-11D3-BF4B-00C04F79EFBC}") = "02.ConcatenateTextFiles", "ConcatenateTextFiles\02.ConcatenateTextFiles.csproj", "{855E82BC-468F-462B-86BD-F2D309B3147D}"
EndProject
Project("{FAE04EC0-301F-11D3-BF4B-00C04F79EFBC}") = "03.LineNumbers", "LineNumbers\03.LineNumbers.csproj", "{6428D6A7-F5A4-4091-949D-D77CEA778A07}"
EndProject
Project("{FAE04EC0-301F-11D3-BF4B-00C04F79EFBC}") = "04.CompareTextFiles", "CompareTextFiles\04.CompareTextFiles.csproj", "{CD63C8CF-B84C-4846-969F-A12AE119EC72}"
EndProject
Project("{FAE04EC0-301F-11D3-BF4B-00C04F79EFBC}") = "05.MaximalAreaSum", "MaximalAreaSum\05.MaximalAreaSum.csproj", "{FCB7BA48-D1E4-438E-A527-214307D27239}"
EndProject
Project("{FAE04EC0-301F-11D3-BF4B-00C04F79EFBC}") = "06.SaveSortedNames", "SaveSortedNames\06.SaveSortedNames.csproj", "{6A8DC482-E5CF-4EF4-928B-BC9B0C9112A6}"
EndProject
Project("{FAE04EC0-301F-11D3-BF4B-00C04F79EFBC}") = "07.ReplaceSubString", "ReplaceSubString\07.ReplaceSubString.csproj", "{F125C563-8611-437D-8B28-52A2E1B12D33}"
EndProject
Project("{FAE04EC0-301F-11D3-BF4B-00C04F79EFBC}") = "08.ReplaceWholeWord", "ReplaceWholeWord\08.ReplaceWholeWord.csproj", "{8032DC6C-871D-4AFE-86EE-3B23195B744B}"
EndProject
Project("{FAE04EC0-301F-11D3-BF4B-00C04F79EFBC}") = "09.DeleteOddLines", "DeleteOddLines\09.DeleteOddLines.csproj", "{15D3EF26-EF5E-4C95-A69D-FEEDD35EE015}"
EndProject
Project("{FAE04EC0-301F-11D3-BF4B-00C04F79EFBC}") = "10.ExtractTextFromXML", "ExtractTextFromXML\10.ExtractTextFromXML.csproj", "{2044DE61-0BB7-418F-B592-B625A0EB90D5}"
EndProject
Project("{FAE04EC0-301F-11D3-BF4B-00C04F79EFBC}") = "11.PrefixTest", "PrefixTest\11.PrefixTest.csproj", "{25B6236E-5FA8-4DC3-A978-596723E3C4BC}"
EndProject
Project("{FAE04EC0-301F-11D3-BF4B-00C04F79EFBC}") = "12.RemoveWords", "RemoveWords\12.RemoveWords.csproj", "{4A3B29CE-31BB-4A08-9364-A9795C8D89C1}"
EndProject
Project("{FAE04EC0-301F-11D3-BF4B-00C04F79EFBC}") = "13.CountWords", "CountWords\13.CountWords.csproj", "{0141EF83-5ECA-4AC4-AFFE-AFFDEEEFB61A}"
EndProject
Global
	GlobalSection(SolutionConfigurationPlatforms) = preSolution
		Debug|Any CPU = Debug|Any CPU
		Debug|ARM = Debug|ARM
		Debug|x64 = Debug|x64
		Debug|x86 = Debug|x86
		Release|Any CPU = Release|Any CPU
		Release|ARM = Release|ARM
		Release|x64 = Release|x64
		Release|x86 = Release|x86
	EndGlobalSection
	GlobalSection(ProjectConfigurationPlatforms) = postSolution
		{3BA81A4E-0E72-42CC-8F81-033DAC912D61}.Debug|Any CPU.ActiveCfg = Debug|Any CPU
		{3BA81A4E-0E72-42CC-8F81-033DAC912D61}.Debug|Any CPU.Build.0 = Debug|Any CPU
		{3BA81A4E-0E72-42CC-8F81-033DAC912D61}.Debug|ARM.ActiveCfg = Debug|Any CPU
		{3BA81A4E-0E72-42CC-8F81-033DAC912D61}.Debug|x64.ActiveCfg = Debug|Any CPU
		{3BA81A4E-0E72-42CC-8F81-033DAC912D61}.Debug|x86.ActiveCfg = Debug|Any CPU
		{3BA81A4E-0E72-42CC-8F81-033DAC912D61}.Release|Any CPU.ActiveCfg = Release|Any CPU
		{3BA81A4E-0E72-42CC-8F81-033DAC912D61}.Release|Any CPU.Build.0 = Release|Any CPU
		{3BA81A4E-0E72-42CC-8F81-033DAC912D61}.Release|ARM.ActiveCfg = Release|Any CPU
		{3BA81A4E-0E72-42CC-8F81-033DAC912D61}.Release|x64.ActiveCfg = Release|Any CPU
		{3BA81A4E-0E72-42CC-8F81-033DAC912D61}.Release|x86.ActiveCfg = Release|Any CPU
		{855E82BC-468F-462B-86BD-F2D309B3147D}.Debug|Any CPU.ActiveCfg = Debug|Any CPU
		{855E82BC-468F-462B-86BD-F2D309B3147D}.Debug|Any CPU.Build.0 = Debug|Any CPU
		{855E82BC-468F-462B-86BD-F2D309B3147D}.Debug|ARM.ActiveCfg = Debug|Any CPU
		{855E82BC-468F-462B-86BD-F2D309B3147D}.Debug|x64.ActiveCfg = Debug|Any CPU
		{855E82BC-468F-462B-86BD-F2D309B3147D}.Debug|x86.ActiveCfg = Debug|Any CPU
		{855E82BC-468F-462B-86BD-F2D309B3147D}.Release|Any CPU.ActiveCfg = Release|Any CPU
		{855E82BC-468F-462B-86BD-F2D309B3147D}.Release|Any CPU.Build.0 = Release|Any CPU
		{855E82BC-468F-462B-86BD-F2D309B3147D}.Release|ARM.ActiveCfg = Release|Any CPU
		{855E82BC-468F-462B-86BD-F2D309B3147D}.Release|x64.ActiveCfg = Release|Any CPU
		{855E82BC-468F-462B-86BD-F2D309B3147D}.Release|x86.ActiveCfg = Release|Any CPU
		{6428D6A7-F5A4-4091-949D-D77CEA778A07}.Debug|Any CPU.ActiveCfg = Debug|Any CPU
		{6428D6A7-F5A4-4091-949D-D77CEA778A07}.Debug|Any CPU.Build.0 = Debug|Any CPU
		{6428D6A7-F5A4-4091-949D-D77CEA778A07}.Debug|ARM.ActiveCfg = Debug|Any CPU
		{6428D6A7-F5A4-4091-949D-D77CEA778A07}.Debug|x64.ActiveCfg = Debug|Any CPU
		{6428D6A7-F5A4-4091-949D-D77CEA778A07}.Debug|x86.ActiveCfg = Debug|Any CPU
		{6428D6A7-F5A4-4091-949D-D77CEA778A07}.Release|Any CPU.ActiveCfg = Release|Any CPU
		{6428D6A7-F5A4-4091-949D-D77CEA778A07}.Release|Any CPU.Build.0 = Release|Any CPU
		{6428D6A7-F5A4-4091-949D-D77CEA778A07}.Release|ARM.ActiveCfg = Release|Any CPU
		{6428D6A7-F5A4-4091-949D-D77CEA778A07}.Release|x64.ActiveCfg = Release|Any CPU
		{6428D6A7-F5A4-4091-949D-D77CEA778A07}.Release|x86.ActiveCfg = Release|Any CPU
		{CD63C8CF-B84C-4846-969F-A12AE119EC72}.Debug|Any CPU.ActiveCfg = Debug|Any CPU
		{CD63C8CF-B84C-4846-969F-A12AE119EC72}.Debug|Any CPU.Build.0 = Debug|Any CPU
		{CD63C8CF-B84C-4846-969F-A12AE119EC72}.Debug|ARM.ActiveCfg = Debug|Any CPU
		{CD63C8CF-B84C-4846-969F-A12AE119EC72}.Debug|x64.ActiveCfg = Debug|Any CPU
		{CD63C8CF-B84C-4846-969F-A12AE119EC72}.Debug|x86.ActiveCfg = Debug|Any CPU
		{CD63C8CF-B84C-4846-969F-A12AE119EC72}.Release|Any CPU.ActiveCfg = Release|Any CPU
		{CD63C8CF-B84C-4846-969F-A12AE119EC72}.Release|Any CPU.Build.0 = Release|Any CPU
		{CD63C8CF-B84C-4846-969F-A12AE119EC72}.Release|ARM.ActiveCfg = Release|Any CPU
		{CD63C8CF-B84C-4846-969F-A12AE119EC72}.Release|x64.ActiveCfg = Release|Any CPU
		{CD63C8CF-B84C-4846-969F-A12AE119EC72}.Release|x86.ActiveCfg = Release|Any CPU
		{FCB7BA48-D1E4-438E-A527-214307D27239}.Debug|Any CPU.ActiveCfg = Debug|Any CPU
		{FCB7BA48-D1E4-438E-A527-214307D27239}.Debug|Any CPU.Build.0 = Debug|Any CPU
		{FCB7BA48-D1E4-438E-A527-214307D27239}.Debug|ARM.ActiveCfg = Debug|Any CPU
		{FCB7BA48-D1E4-438E-A527-214307D27239}.Debug|x64.ActiveCfg = Debug|Any CPU
		{FCB7BA48-D1E4-438E-A527-214307D27239}.Debug|x86.ActiveCfg = Debug|Any CPU
		{FCB7BA48-D1E4-438E-A527-214307D27239}.Release|Any CPU.ActiveCfg = Release|Any CPU
		{FCB7BA48-D1E4-438E-A527-214307D27239}.Release|Any CPU.Build.0 = Release|Any CPU
		{FCB7BA48-D1E4-438E-A527-214307D27239}.Release|ARM.ActiveCfg = Release|Any CPU
		{FCB7BA48-D1E4-438E-A527-214307D27239}.Release|x64.ActiveCfg = Release|Any CPU
		{FCB7BA48-D1E4-438E-A527-214307D27239}.Release|x86.ActiveCfg = Release|Any CPU
		{6A8DC482-E5CF-4EF4-928B-BC9B0C9112A6}.Debug|Any CPU.ActiveCfg = Debug|Any CPU
		{6A8DC482-E5CF-4EF4-928B-BC9B0C9112A6}.Debug|Any CPU.Build.0 = Debug|Any CPU
		{6A8DC482-E5CF-4EF4-928B-BC9B0C9112A6}.Debug|ARM.ActiveCfg = Debug|Any CPU
		{6A8DC482-E5CF-4EF4-928B-BC9B0C9112A6}.Debug|x64.ActiveCfg = Debug|Any CPU
		{6A8DC482-E5CF-4EF4-928B-BC9B0C9112A6}.Debug|x86.ActiveCfg = Debug|Any CPU
		{6A8DC482-E5CF-4EF4-928B-BC9B0C9112A6}.Release|Any CPU.ActiveCfg = Release|Any CPU
		{6A8DC482-E5CF-4EF4-928B-BC9B0C9112A6}.Release|Any CPU.Build.0 = Release|Any CPU
		{6A8DC482-E5CF-4EF4-928B-BC9B0C9112A6}.Release|ARM.ActiveCfg = Release|Any CPU
		{6A8DC482-E5CF-4EF4-928B-BC9B0C9112A6}.Release|x64.ActiveCfg = Release|Any CPU
		{6A8DC482-E5CF-4EF4-928B-BC9B0C9112A6}.Release|x86.ActiveCfg = Release|Any CPU
		{F125C563-8611-437D-8B28-52A2E1B12D33}.Debug|Any CPU.ActiveCfg = Debug|Any CPU
		{F125C563-8611-437D-8B28-52A2E1B12D33}.Debug|Any CPU.Build.0 = Debug|Any CPU
		{F125C563-8611-437D-8B28-52A2E1B12D33}.Debug|ARM.ActiveCfg = Debug|Any CPU
		{F125C563-8611-437D-8B28-52A2E1B12D33}.Debug|x64.ActiveCfg = Debug|Any CPU
		{F125C563-8611-437D-8B28-52A2E1B12D33}.Debug|x86.ActiveCfg = Debug|Any CPU
		{F125C563-8611-437D-8B28-52A2E1B12D33}.Release|Any CPU.ActiveCfg = Release|Any CPU
		{F125C563-8611-437D-8B28-52A2E1B12D33}.Release|Any CPU.Build.0 = Release|Any CPU
		{F125C563-8611-437D-8B28-52A2E1B12D33}.Release|ARM.ActiveCfg = Release|Any CPU
		{F125C563-8611-437D-8B28-52A2E1B12D33}.Release|x64.ActiveCfg = Release|Any CPU
		{F125C563-8611-437D-8B28-52A2E1B12D33}.Release|x86.ActiveCfg = Release|Any CPU
		{8032DC6C-871D-4AFE-86EE-3B23195B744B}.Debug|Any CPU.ActiveCfg = Debug|Any CPU
		{8032DC6C-871D-4AFE-86EE-3B23195B744B}.Debug|Any CPU.Build.0 = Debug|Any CPU
		{8032DC6C-871D-4AFE-86EE-3B23195B744B}.Debug|ARM.ActiveCfg = Debug|Any CPU
		{8032DC6C-871D-4AFE-86EE-3B23195B744B}.Debug|x64.ActiveCfg = Debug|Any CPU
		{8032DC6C-871D-4AFE-86EE-3B23195B744B}.Debug|x86.ActiveCfg = Debug|Any CPU
		{8032DC6C-871D-4AFE-86EE-3B23195B744B}.Release|Any CPU.ActiveCfg = Release|Any CPU
		{8032DC6C-871D-4AFE-86EE-3B23195B744B}.Release|Any CPU.Build.0 = Release|Any CPU
		{8032DC6C-871D-4AFE-86EE-3B23195B744B}.Release|ARM.ActiveCfg = Release|Any CPU
		{8032DC6C-871D-4AFE-86EE-3B23195B744B}.Release|x64.ActiveCfg = Release|Any CPU
		{8032DC6C-871D-4AFE-86EE-3B23195B744B}.Release|x86.ActiveCfg = Release|Any CPU
		{15D3EF26-EF5E-4C95-A69D-FEEDD35EE015}.Debug|Any CPU.ActiveCfg = Debug|Any CPU
		{15D3EF26-EF5E-4C95-A69D-FEEDD35EE015}.Debug|Any CPU.Build.0 = Debug|Any CPU
		{15D3EF26-EF5E-4C95-A69D-FEEDD35EE015}.Debug|ARM.ActiveCfg = Debug|Any CPU
		{15D3EF26-EF5E-4C95-A69D-FEEDD35EE015}.Debug|x64.ActiveCfg = Debug|Any CPU
		{15D3EF26-EF5E-4C95-A69D-FEEDD35EE015}.Debug|x86.ActiveCfg = Debug|Any CPU
		{15D3EF26-EF5E-4C95-A69D-FEEDD35EE015}.Release|Any CPU.ActiveCfg = Release|Any CPU
		{15D3EF26-EF5E-4C95-A69D-FEEDD35EE015}.Release|Any CPU.Build.0 = Release|Any CPU
		{15D3EF26-EF5E-4C95-A69D-FEEDD35EE015}.Release|ARM.ActiveCfg = Release|Any CPU
		{15D3EF26-EF5E-4C95-A69D-FEEDD35EE015}.Release|x64.ActiveCfg = Release|Any CPU
		{15D3EF26-EF5E-4C95-A69D-FEEDD35EE015}.Release|x86.ActiveCfg = Release|Any CPU
		{2044DE61-0BB7-418F-B592-B625A0EB90D5}.Debug|Any CPU.ActiveCfg = Debug|Any CPU
		{2044DE61-0BB7-418F-B592-B625A0EB90D5}.Debug|Any CPU.Build.0 = Debug|Any CPU
		{2044DE61-0BB7-418F-B592-B625A0EB90D5}.Debug|ARM.ActiveCfg = Debug|Any CPU
		{2044DE61-0BB7-418F-B592-B625A0EB90D5}.Debug|x64.ActiveCfg = Debug|Any CPU
		{2044DE61-0BB7-418F-B592-B625A0EB90D5}.Debug|x86.ActiveCfg = Debug|Any CPU
		{2044DE61-0BB7-418F-B592-B625A0EB90D5}.Release|Any CPU.ActiveCfg = Release|Any CPU
		{2044DE61-0BB7-418F-B592-B625A0EB90D5}.Release|Any CPU.Build.0 = Release|Any CPU
		{2044DE61-0BB7-418F-B592-B625A0EB90D5}.Release|ARM.ActiveCfg = Release|Any CPU
		{2044DE61-0BB7-418F-B592-B625A0EB90D5}.Release|x64.ActiveCfg = Release|Any CPU
		{2044DE61-0BB7-418F-B592-B625A0EB90D5}.Release|x86.ActiveCfg = Release|Any CPU
		{25B6236E-5FA8-4DC3-A978-596723E3C4BC}.Debug|Any CPU.ActiveCfg = Debug|Any CPU
		{25B6236E-5FA8-4DC3-A978-596723E3C4BC}.Debug|Any CPU.Build.0 = Debug|Any CPU
		{25B6236E-5FA8-4DC3-A978-596723E3C4BC}.Debug|ARM.ActiveCfg = Debug|Any CPU
		{25B6236E-5FA8-4DC3-A978-596723E3C4BC}.Debug|x64.ActiveCfg = Debug|Any CPU
		{25B6236E-5FA8-4DC3-A978-596723E3C4BC}.Debug|x86.ActiveCfg = Debug|Any CPU
		{25B6236E-5FA8-4DC3-A978-596723E3C4BC}.Release|Any CPU.ActiveCfg = Release|Any CPU
		{25B6236E-5FA8-4DC3-A978-596723E3C4BC}.Release|Any CPU.Build.0 = Release|Any CPU
		{25B6236E-5FA8-4DC3-A978-596723E3C4BC}.Release|ARM.ActiveCfg = Release|Any CPU
		{25B6236E-5FA8-4DC3-A978-596723E3C4BC}.Release|x64.ActiveCfg = Release|Any CPU
		{25B6236E-5FA8-4DC3-A978-596723E3C4BC}.Release|x86.ActiveCfg = Release|Any CPU
		{4A3B29CE-31BB-4A08-9364-A9795C8D89C1}.Debug|Any CPU.ActiveCfg = Debug|Any CPU
		{4A3B29CE-31BB-4A08-9364-A9795C8D89C1}.Debug|Any CPU.Build.0 = Debug|Any CPU
		{4A3B29CE-31BB-4A08-9364-A9795C8D89C1}.Debug|ARM.ActiveCfg = Debug|Any CPU
		{4A3B29CE-31BB-4A08-9364-A9795C8D89C1}.Debug|x64.ActiveCfg = Debug|Any CPU
		{4A3B29CE-31BB-4A08-9364-A9795C8D89C1}.Debug|x86.ActiveCfg = Debug|Any CPU
		{4A3B29CE-31BB-4A08-9364-A9795C8D89C1}.Release|Any CPU.ActiveCfg = Release|Any CPU
		{4A3B29CE-31BB-4A08-9364-A9795C8D89C1}.Release|Any CPU.Build.0 = Release|Any CPU
		{4A3B29CE-31BB-4A08-9364-A9795C8D89C1}.Release|ARM.ActiveCfg = Release|Any CPU
		{4A3B29CE-31BB-4A08-9364-A9795C8D89C1}.Release|x64.ActiveCfg = Release|Any CPU
		{4A3B29CE-31BB-4A08-9364-A9795C8D89C1}.Release|x86.ActiveCfg = Release|Any CPU
		{0141EF83-5ECA-4AC4-AFFE-AFFDEEEFB61A}.Debug|Any CPU.ActiveCfg = Debug|Any CPU
		{0141EF83-5ECA-4AC4-AFFE-AFFDEEEFB61A}.Debug|Any CPU.Build.0 = Debug|Any CPU
		{0141EF83-5ECA-4AC4-AFFE-AFFDEEEFB61A}.Debug|ARM.ActiveCfg = Debug|Any CPU
		{0141EF83-5ECA-4AC4-AFFE-AFFDEEEFB61A}.Debug|x64.ActiveCfg = Debug|Any CPU
		{0141EF83-5ECA-4AC4-AFFE-AFFDEEEFB61A}.Debug|x86.ActiveCfg = Debug|Any CPU
		{0141EF83-5ECA-4AC4-AFFE-AFFDEEEFB61A}.Release|Any CPU.ActiveCfg = Release|Any CPU
		{0141EF83-5ECA-4AC4-AFFE-AFFDEEEFB61A}.Release|Any CPU.Build.0 = Release|Any CPU
		{0141EF83-5ECA-4AC4-AFFE-AFFDEEEFB61A}.Release|ARM.ActiveCfg = Release|Any CPU
		{0141EF83-5ECA-4AC4-AFFE-AFFDEEEFB61A}.Release|x64.ActiveCfg = Release|Any CPU
		{0141EF83-5ECA-4AC4-AFFE-AFFDEEEFB61A}.Release|x86.ActiveCfg = Release|Any CPU
	EndGlobalSection
	GlobalSection(SolutionProperties) = preSolution
		HideSolutionNode = FALSE
	EndGlobalSection
EndGlobal
